
Microsoft Visual Studio Solution File, Format Version 12.00
# Visual Studio Version 16
VisualStudioVersion = 16.0.29424.173
MinimumVisualStudioVersion = 10.0.40219.1
Project("{FAE04EC0-301F-11D3-BF4B-00C04F79EFBC}") = "117", "117\117.csproj", "{3C5EEB1F-6A6E-432B-AC64-54C66B35F653}"
EndProject
Global
	GlobalSection(SolutionConfigurationPlatforms) = preSolution
		Debug|Any CPU = Debug|Any CPU
		Release|Any CPU = Release|Any CPU
	EndGlobalSection
	GlobalSection(ProjectConfigurationPlatforms) = postSolution
		{3C5EEB1F-6A6E-432B-AC64-54C66B35F653}.Debug|Any CPU.ActiveCfg = Debug|Any CPU
		{3C5EEB1F-6A6E-432B-AC64-54C66B35F653}.Debug|Any CPU.Build.0 = Debug|Any CPU
		{3C5EEB1F-6A6E-432B-AC64-54C66B35F653}.Release|Any CPU.ActiveCfg = Release|Any CPU
		{3C5EEB1F-6A6E-432B-AC64-54C66B35F653}.Release|Any CPU.Build.0 = Release|Any CPU
	EndGlobalSection
	GlobalSection(SolutionProperties) = preSolution
		HideSolutionNode = FALSE
	EndGlobalSection
	GlobalSection(ExtensibilityGlobals) = postSolution
		SolutionGuid = {A006756E-BB2E-4D4B-A73A-B4CBE635202F}
	EndGlobalSection
EndGlobal
